
Microsoft Visual Studio Solution File, Format Version 12.00
# Visual Studio Version 17
VisualStudioVersion = 17.0.32126.317
MinimumVisualStudioVersion = 10.0.40219.1
Project("{F2A71F9B-5D33-465A-A702-920D77279786}") = "G2G", "G2G\G2G.fsproj", "{384C49BB-3CDE-47D4-866A-0FB28ACDB255}"
EndProject
Global
	GlobalSection(SolutionConfigurationPlatforms) = preSolution
		Debug|Any CPU = Debug|Any CPU
		Release|Any CPU = Release|Any CPU
	EndGlobalSection
	GlobalSection(ProjectConfigurationPlatforms) = postSolution
		{384C49BB-3CDE-47D4-866A-0FB28ACDB255}.Debug|Any CPU.ActiveCfg = Debug|Any CPU
		{384C49BB-3CDE-47D4-866A-0FB28ACDB255}.Debug|Any CPU.Build.0 = Debug|Any CPU
		{384C49BB-3CDE-47D4-866A-0FB28ACDB255}.Release|Any CPU.ActiveCfg = Release|Any CPU
		{384C49BB-3CDE-47D4-866A-0FB28ACDB255}.Release|Any CPU.Build.0 = Release|Any CPU
	EndGlobalSection
	GlobalSection(SolutionProperties) = preSolution
		HideSolutionNode = FALSE
	EndGlobalSection
	GlobalSection(ExtensibilityGlobals) = postSolution
		SolutionGuid = {F1CC0132-6E2E-4BED-9102-97E108A1138F}
	EndGlobalSection
EndGlobal
